
Microsoft Visual Studio Solution File, Format Version 12.00
# Visual Studio Version 17
VisualStudioVersion = 17.10.35027.167
MinimumVisualStudioVersion = 10.0.40219.1
Project("{FAE04EC0-301F-11D3-BF4B-00C04F79EFBC}") = "eBookLibrary", "eBookLibrary\eBookLibrary.csproj", "{4AD282FD-A31C-48B0-AF84-C3D1451B6CC2}"
EndProject
Global
	GlobalSection(SolutionConfigurationPlatforms) = preSolution
		Debug|Any CPU = Debug|Any CPU
		Release|Any CPU = Release|Any CPU
	EndGlobalSection
	GlobalSection(ProjectConfigurationPlatforms) = postSolution
		{4AD282FD-A31C-48B0-AF84-C3D1451B6CC2}.Debug|Any CPU.ActiveCfg = Debug|Any CPU
		{4AD282FD-A31C-48B0-AF84-C3D1451B6CC2}.Debug|Any CPU.Build.0 = Debug|Any CPU
		{4AD282FD-A31C-48B0-AF84-C3D1451B6CC2}.Release|Any CPU.ActiveCfg = Release|Any CPU
		{4AD282FD-A31C-48B0-AF84-C3D1451B6CC2}.Release|Any CPU.Build.0 = Release|Any CPU
	EndGlobalSection
	GlobalSection(SolutionProperties) = preSolution
		HideSolutionNode = FALSE
	EndGlobalSection
	GlobalSection(ExtensibilityGlobals) = postSolution
		SolutionGuid = {4E51E328-B912-4929-AFC7-008F5EEBF753}
	EndGlobalSection
EndGlobal
